
Microsoft Visual Studio Solution File, Format Version 10.00
# Visual Studio 2008
Project("{8BC9CEB8-8B4A-11D0-8D11-00A0C91BC942}") = "PictureManage", "PictureManage\PictureManage.vcproj", "{D97EE516-8E59-4720-94BB-929D629AE785}"
EndProject
Global
	GlobalSection(SolutionConfigurationPlatforms) = preSolution
		Debug|Win32 = Debug|Win32
		Release|Win32 = Release|Win32
	EndGlobalSection
	GlobalSection(ProjectConfigurationPlatforms) = postSolution
		{D97EE516-8E59-4720-94BB-929D629AE785}.Debug|Win32.ActiveCfg = Debug|Win32
		{D97EE516-8E59-4720-94BB-929D629AE785}.Debug|Win32.Build.0 = Debug|Win32
		{D97EE516-8E59-4720-94BB-929D629AE785}.Release|Win32.ActiveCfg = Release|Win32
		{D97EE516-8E59-4720-94BB-929D629AE785}.Release|Win32.Build.0 = Release|Win32
	EndGlobalSection
	GlobalSection(SolutionProperties) = preSolution
		HideSolutionNode = FALSE
	EndGlobalSection
	GlobalSection(ExtensibilityGlobals) = postSolution
		VisualSVNWorkingCopyRoot = .
	EndGlobalSection
EndGlobal
